<?xml version="1.0" encoding="utf-8"?>
<Project ToolsVersion="15.0" xmlns="http://schemas.microsoft.com/developer/msbuild/2003">
  <ItemGroup>
    <ClCompile Include="D:\GithubFiles\ComputerGraphics\Assignment4_TexturedModel\BUILDS\App_autogen\mocs_compilation.cpp">
      <Filter>Source Files</Filter>
    </ClCompile>
    <ClCompile Include="D:\GithubFiles\ComputerGraphics\Assignment4_TexturedModel\main.cpp">
      <Filter>Source Files</Filter>
    </ClCompile>
    <ClCompile Include="Render.cpp" />
    <ClCompile Include="MaterialRender.cpp" />
    <ClCompile Include="Application.cpp" />
    <ClCompile Include="BasicWidget.cpp" />
  </ItemGroup>
  <ItemGroup>
    <CustomBuild Include="D:\GithubFiles\ComputerGraphics\Assignment4_TexturedModel\CMakeLists.txt" />
  </ItemGroup>
  <ItemGroup>
    <Filter Include="Source Files">
      <UniqueIdentifier>{ED8BA01F-3292-3E37-8053-BFE9247BA141}</UniqueIdentifier>
    </Filter>
  </ItemGroup>
  <ItemGroup>
    <ClInclude Include="Render.h" />
    <ClInclude Include="MaterialRender.h" />
    <ClInclude Include="Application.h" />
    <ClInclude Include="BasicWidget.h" />
  </ItemGroup>
</Project>