Microsoft Visual Studio Solution File, Format Version 12.00
# Visual Studio 15
Project("{8BC9CEB8-8B4A-11D0-8D11-00A0C91BC942}") = "ALL_BUILD", "ALL_BUILD.vcxproj", "{AF687D4D-7A39-3726-900A-D26D5F16C840}"
	ProjectSection(ProjectDependencies) = postProject
		{80021E4A-20E8-3BEA-A637-C65AD13D0ED6} = {80021E4A-20E8-3BEA-A637-C65AD13D0ED6}
		{7F5CDC36-C4AF-36A8-AE01-B7FE58CCA559} = {7F5CDC36-C4AF-36A8-AE01-B7FE58CCA559}
	EndProjectSection
EndProject
Project("{8BC9CEB8-8B4A-11D0-8D11-00A0C91BC942}") = "App", "App.vcxproj", "{80021E4A-20E8-3BEA-A637-C65AD13D0ED6}"
	ProjectSection(ProjectDependencies) = postProject
		{7F5CDC36-C4AF-36A8-AE01-B7FE58CCA559} = {7F5CDC36-C4AF-36A8-AE01-B7FE58CCA559}
	EndProjectSection
EndProject
Project("{8BC9CEB8-8B4A-11D0-8D11-00A0C91BC942}") = "ZERO_CHECK", "ZERO_CHECK.vcxproj", "{7F5CDC36-C4AF-36A8-AE01-B7FE58CCA559}"
	ProjectSection(ProjectDependencies) = postProject
	EndProjectSection
EndProject
Global
	GlobalSection(SolutionConfigurationPlatforms) = preSolution
		Debug|Win32 = Debug|Win32
		Release|Win32 = Release|Win32
		MinSizeRel|Win32 = MinSizeRel|Win32
		RelWithDebInfo|Win32 = RelWithDebInfo|Win32
	EndGlobalSection
	GlobalSection(ProjectConfigurationPlatforms) = postSolution
		{AF687D4D-7A39-3726-900A-D26D5F16C840}.Debug|Win32.ActiveCfg = Debug|Win32
		{AF687D4D-7A39-3726-900A-D26D5F16C840}.Release|Win32.ActiveCfg = Release|Win32
		{AF687D4D-7A39-3726-900A-D26D5F16C840}.MinSizeRel|Win32.ActiveCfg = MinSizeRel|Win32
		{AF687D4D-7A39-3726-900A-D26D5F16C840}.RelWithDebInfo|Win32.ActiveCfg = RelWithDebInfo|Win32
		{80021E4A-20E8-3BEA-A637-C65AD13D0ED6}.Debug|Win32.ActiveCfg = Debug|Win32
		{80021E4A-20E8-3BEA-A637-C65AD13D0ED6}.Debug|Win32.Build.0 = Debug|Win32
		{80021E4A-20E8-3BEA-A637-C65AD13D0ED6}.Release|Win32.ActiveCfg = Release|Win32
		{80021E4A-20E8-3BEA-A637-C65AD13D0ED6}.Release|Win32.Build.0 = Release|Win32
		{80021E4A-20E8-3BEA-A637-C65AD13D0ED6}.MinSizeRel|Win32.ActiveCfg = MinSizeRel|Win32
		{80021E4A-20E8-3BEA-A637-C65AD13D0ED6}.MinSizeRel|Win32.Build.0 = MinSizeRel|Win32
		{80021E4A-20E8-3BEA-A637-C65AD13D0ED6}.RelWithDebInfo|Win32.ActiveCfg = RelWithDebInfo|Win32
		{80021E4A-20E8-3BEA-A637-C65AD13D0ED6}.RelWithDebInfo|Win32.Build.0 = RelWithDebInfo|Win32
		{7F5CDC36-C4AF-36A8-AE01-B7FE58CCA559}.Debug|Win32.ActiveCfg = Debug|Win32
		{7F5CDC36-C4AF-36A8-AE01-B7FE58CCA559}.Debug|Win32.Build.0 = Debug|Win32
		{7F5CDC36-C4AF-36A8-AE01-B7FE58CCA559}.Release|Win32.ActiveCfg = Release|Win32
		{7F5CDC36-C4AF-36A8-AE01-B7FE58CCA559}.Release|Win32.Build.0 = Release|Win32
		{7F5CDC36-C4AF-36A8-AE01-B7FE58CCA559}.MinSizeRel|Win32.ActiveCfg = MinSizeRel|Win32
		{7F5CDC36-C4AF-36A8-AE01-B7FE58CCA559}.MinSizeRel|Win32.Build.0 = MinSizeRel|Win32
		{7F5CDC36-C4AF-36A8-AE01-B7FE58CCA559}.RelWithDebInfo|Win32.ActiveCfg = RelWithDebInfo|Win32
		{7F5CDC36-C4AF-36A8-AE01-B7FE58CCA559}.RelWithDebInfo|Win32.Build.0 = RelWithDebInfo|Win32
	EndGlobalSection
	GlobalSection(ExtensibilityGlobals) = postSolution
		SolutionGuid = {C09E6BB8-BCF8-30B5-AFB7-E63DE984AEEB}
	EndGlobalSection
	GlobalSection(ExtensibilityAddIns) = postSolution
	EndGlobalSection
EndGlobal
