Microsoft Visual Studio Solution File, Format Version 12.00
# Visual Studio 15
Project("{8BC9CEB8-8B4A-11D0-8D11-00A0C91BC942}") = "ALL_BUILD", "ALL_BUILD.vcxproj", "{437966E1-5117-39B7-AC79-D99042644A9E}"
	ProjectSection(ProjectDependencies) = postProject
		{8B8BC0BE-BF96-3461-B6E4-681162867BEE} = {8B8BC0BE-BF96-3461-B6E4-681162867BEE}
		{FE0D7A90-E440-38BD-A23B-B52D98273E3E} = {FE0D7A90-E440-38BD-A23B-B52D98273E3E}
	EndProjectSection
EndProject
Project("{8BC9CEB8-8B4A-11D0-8D11-00A0C91BC942}") = "Lab2", "Lab2.vcxproj", "{8B8BC0BE-BF96-3461-B6E4-681162867BEE}"
	ProjectSection(ProjectDependencies) = postProject
		{FE0D7A90-E440-38BD-A23B-B52D98273E3E} = {FE0D7A90-E440-38BD-A23B-B52D98273E3E}
	EndProjectSection
EndProject
Project("{8BC9CEB8-8B4A-11D0-8D11-00A0C91BC942}") = "ZERO_CHECK", "ZERO_CHECK.vcxproj", "{FE0D7A90-E440-38BD-A23B-B52D98273E3E}"
	ProjectSection(ProjectDependencies) = postProject
	EndProjectSection
EndProject
Global
	GlobalSection(SolutionConfigurationPlatforms) = preSolution
		Debug|Win32 = Debug|Win32
		Release|Win32 = Release|Win32
		MinSizeRel|Win32 = MinSizeRel|Win32
		RelWithDebInfo|Win32 = RelWithDebInfo|Win32
	EndGlobalSection
	GlobalSection(ProjectConfigurationPlatforms) = postSolution
		{437966E1-5117-39B7-AC79-D99042644A9E}.Debug|Win32.ActiveCfg = Debug|Win32
		{437966E1-5117-39B7-AC79-D99042644A9E}.Release|Win32.ActiveCfg = Release|Win32
		{437966E1-5117-39B7-AC79-D99042644A9E}.MinSizeRel|Win32.ActiveCfg = MinSizeRel|Win32
		{437966E1-5117-39B7-AC79-D99042644A9E}.RelWithDebInfo|Win32.ActiveCfg = RelWithDebInfo|Win32
		{8B8BC0BE-BF96-3461-B6E4-681162867BEE}.Debug|Win32.ActiveCfg = Debug|Win32
		{8B8BC0BE-BF96-3461-B6E4-681162867BEE}.Debug|Win32.Build.0 = Debug|Win32
		{8B8BC0BE-BF96-3461-B6E4-681162867BEE}.Release|Win32.ActiveCfg = Release|Win32
		{8B8BC0BE-BF96-3461-B6E4-681162867BEE}.Release|Win32.Build.0 = Release|Win32
		{8B8BC0BE-BF96-3461-B6E4-681162867BEE}.MinSizeRel|Win32.ActiveCfg = MinSizeRel|Win32
		{8B8BC0BE-BF96-3461-B6E4-681162867BEE}.MinSizeRel|Win32.Build.0 = MinSizeRel|Win32
		{8B8BC0BE-BF96-3461-B6E4-681162867BEE}.RelWithDebInfo|Win32.ActiveCfg = RelWithDebInfo|Win32
		{8B8BC0BE-BF96-3461-B6E4-681162867BEE}.RelWithDebInfo|Win32.Build.0 = RelWithDebInfo|Win32
		{FE0D7A90-E440-38BD-A23B-B52D98273E3E}.Debug|Win32.ActiveCfg = Debug|Win32
		{FE0D7A90-E440-38BD-A23B-B52D98273E3E}.Debug|Win32.Build.0 = Debug|Win32
		{FE0D7A90-E440-38BD-A23B-B52D98273E3E}.Release|Win32.ActiveCfg = Release|Win32
		{FE0D7A90-E440-38BD-A23B-B52D98273E3E}.Release|Win32.Build.0 = Release|Win32
		{FE0D7A90-E440-38BD-A23B-B52D98273E3E}.MinSizeRel|Win32.ActiveCfg = MinSizeRel|Win32
		{FE0D7A90-E440-38BD-A23B-B52D98273E3E}.MinSizeRel|Win32.Build.0 = MinSizeRel|Win32
		{FE0D7A90-E440-38BD-A23B-B52D98273E3E}.RelWithDebInfo|Win32.ActiveCfg = RelWithDebInfo|Win32
		{FE0D7A90-E440-38BD-A23B-B52D98273E3E}.RelWithDebInfo|Win32.Build.0 = RelWithDebInfo|Win32
	EndGlobalSection
	GlobalSection(ExtensibilityGlobals) = postSolution
		SolutionGuid = {AE6D3967-9B29-3D2B-A1BD-9738052FD8BA}
	EndGlobalSection
	GlobalSection(ExtensibilityAddIns) = postSolution
	EndGlobalSection
EndGlobal
