Microsoft Visual Studio Solution File, Format Version 12.00
# Visual Studio 15
Project("{8BC9CEB8-8B4A-11D0-8D11-00A0C91BC942}") = "ALL_BUILD", "ALL_BUILD.vcxproj", "{F04D2550-E5B0-3B90-94C2-B236A354ECD7}"
	ProjectSection(ProjectDependencies) = postProject
		{1E3AC656-D79B-372B-8FEF-06E05C2425F9} = {1E3AC656-D79B-372B-8FEF-06E05C2425F9}
		{7CD9D68A-4586-3EFD-9FFE-F46354F7FDD9} = {7CD9D68A-4586-3EFD-9FFE-F46354F7FDD9}
	EndProjectSection
EndProject
Project("{8BC9CEB8-8B4A-11D0-8D11-00A0C91BC942}") = "App", "App.vcxproj", "{1E3AC656-D79B-372B-8FEF-06E05C2425F9}"
	ProjectSection(ProjectDependencies) = postProject
		{7CD9D68A-4586-3EFD-9FFE-F46354F7FDD9} = {7CD9D68A-4586-3EFD-9FFE-F46354F7FDD9}
	EndProjectSection
EndProject
Project("{8BC9CEB8-8B4A-11D0-8D11-00A0C91BC942}") = "ZERO_CHECK", "ZERO_CHECK.vcxproj", "{7CD9D68A-4586-3EFD-9FFE-F46354F7FDD9}"
	ProjectSection(ProjectDependencies) = postProject
	EndProjectSection
EndProject
Global
	GlobalSection(SolutionConfigurationPlatforms) = preSolution
		Debug|Win32 = Debug|Win32
		Release|Win32 = Release|Win32
		MinSizeRel|Win32 = MinSizeRel|Win32
		RelWithDebInfo|Win32 = RelWithDebInfo|Win32
	EndGlobalSection
	GlobalSection(ProjectConfigurationPlatforms) = postSolution
		{F04D2550-E5B0-3B90-94C2-B236A354ECD7}.Debug|Win32.ActiveCfg = Debug|Win32
		{F04D2550-E5B0-3B90-94C2-B236A354ECD7}.Release|Win32.ActiveCfg = Release|Win32
		{F04D2550-E5B0-3B90-94C2-B236A354ECD7}.MinSizeRel|Win32.ActiveCfg = MinSizeRel|Win32
		{F04D2550-E5B0-3B90-94C2-B236A354ECD7}.RelWithDebInfo|Win32.ActiveCfg = RelWithDebInfo|Win32
		{1E3AC656-D79B-372B-8FEF-06E05C2425F9}.Debug|Win32.ActiveCfg = Debug|Win32
		{1E3AC656-D79B-372B-8FEF-06E05C2425F9}.Debug|Win32.Build.0 = Debug|Win32
		{1E3AC656-D79B-372B-8FEF-06E05C2425F9}.Release|Win32.ActiveCfg = Release|Win32
		{1E3AC656-D79B-372B-8FEF-06E05C2425F9}.Release|Win32.Build.0 = Release|Win32
		{1E3AC656-D79B-372B-8FEF-06E05C2425F9}.MinSizeRel|Win32.ActiveCfg = MinSizeRel|Win32
		{1E3AC656-D79B-372B-8FEF-06E05C2425F9}.MinSizeRel|Win32.Build.0 = MinSizeRel|Win32
		{1E3AC656-D79B-372B-8FEF-06E05C2425F9}.RelWithDebInfo|Win32.ActiveCfg = RelWithDebInfo|Win32
		{1E3AC656-D79B-372B-8FEF-06E05C2425F9}.RelWithDebInfo|Win32.Build.0 = RelWithDebInfo|Win32
		{7CD9D68A-4586-3EFD-9FFE-F46354F7FDD9}.Debug|Win32.ActiveCfg = Debug|Win32
		{7CD9D68A-4586-3EFD-9FFE-F46354F7FDD9}.Debug|Win32.Build.0 = Debug|Win32
		{7CD9D68A-4586-3EFD-9FFE-F46354F7FDD9}.Release|Win32.ActiveCfg = Release|Win32
		{7CD9D68A-4586-3EFD-9FFE-F46354F7FDD9}.Release|Win32.Build.0 = Release|Win32
		{7CD9D68A-4586-3EFD-9FFE-F46354F7FDD9}.MinSizeRel|Win32.ActiveCfg = MinSizeRel|Win32
		{7CD9D68A-4586-3EFD-9FFE-F46354F7FDD9}.MinSizeRel|Win32.Build.0 = MinSizeRel|Win32
		{7CD9D68A-4586-3EFD-9FFE-F46354F7FDD9}.RelWithDebInfo|Win32.ActiveCfg = RelWithDebInfo|Win32
		{7CD9D68A-4586-3EFD-9FFE-F46354F7FDD9}.RelWithDebInfo|Win32.Build.0 = RelWithDebInfo|Win32
	EndGlobalSection
	GlobalSection(ExtensibilityGlobals) = postSolution
		SolutionGuid = {3885F120-E10F-3723-B5D5-497E394E80CA}
	EndGlobalSection
	GlobalSection(ExtensibilityAddIns) = postSolution
	EndGlobalSection
EndGlobal
