<?xml version="1.0" encoding="utf-8"?>
<Project ToolsVersion="15.0" xmlns="http://schemas.microsoft.com/developer/msbuild/2003">
  <ItemGroup>
    <CustomBuild Include="D:\GithubFiles\ComputerGraphics\Lab6_ColorAndTransforms\Builds\CMakeFiles\d2885f36ba60cd1c292a3412b728d8ba\generate.stamp.rule">
      <Filter>CMake Rules</Filter>
    </CustomBuild>
  </ItemGroup>
  <ItemGroup>
    <Filter Include="CMake Rules">
      <UniqueIdentifier>{7D38B1F5-83A3-340E-9304-A386C4535940}</UniqueIdentifier>
    </Filter>
  </ItemGroup>
</Project>
