<?xml version="1.0" encoding="utf-8"?>
<Project ToolsVersion="15.0" xmlns="http://schemas.microsoft.com/developer/msbuild/2003">
  <ItemGroup>
    <CustomBuild Include="D:\GithubFiles\ComputerGraphics\Lab8_CameraAndIllumination\Builds\CMakeFiles\7868cf7b2582911778522f90811ce3f9\generate.stamp.rule">
      <Filter>CMake Rules</Filter>
    </CustomBuild>
  </ItemGroup>
  <ItemGroup>
    <Filter Include="CMake Rules">
      <UniqueIdentifier>{26E92ECE-B851-3DB3-8864-9EB83FDE1D96}</UniqueIdentifier>
    </Filter>
  </ItemGroup>
</Project>
